
Microsoft Visual Studio Solution File, Format Version 12.00
# Visual Studio Version 17
VisualStudioVersion = 17.9.34607.119
MinimumVisualStudioVersion = 10.0.40219.1
Project("{FAE04EC0-301F-11D3-BF4B-00C04F79EFBC}") = "Tp2", "Tp2\Tp2.csproj", "{9950B5B3-BF7A-4057-BFE4-E5CD707DD27D}"
EndProject
Project("{FAE04EC0-301F-11D3-BF4B-00C04F79EFBC}") = "Seeder", "Seeder\Seeder.csproj", "{1937D123-CB7C-4708-B953-710434B50B11}"
EndProject
Global
	GlobalSection(SolutionConfigurationPlatforms) = preSolution
		Debug|Any CPU = Debug|Any CPU
		Release|Any CPU = Release|Any CPU
	EndGlobalSection
	GlobalSection(ProjectConfigurationPlatforms) = postSolution
		{9950B5B3-BF7A-4057-BFE4-E5CD707DD27D}.Debug|Any CPU.ActiveCfg = Debug|Any CPU
		{9950B5B3-BF7A-4057-BFE4-E5CD707DD27D}.Debug|Any CPU.Build.0 = Debug|Any CPU
		{9950B5B3-BF7A-4057-BFE4-E5CD707DD27D}.Release|Any CPU.ActiveCfg = Release|Any CPU
		{9950B5B3-BF7A-4057-BFE4-E5CD707DD27D}.Release|Any CPU.Build.0 = Release|Any CPU
		{1937D123-CB7C-4708-B953-710434B50B11}.Debug|Any CPU.ActiveCfg = Debug|Any CPU
		{1937D123-CB7C-4708-B953-710434B50B11}.Debug|Any CPU.Build.0 = Debug|Any CPU
		{1937D123-CB7C-4708-B953-710434B50B11}.Release|Any CPU.ActiveCfg = Release|Any CPU
		{1937D123-CB7C-4708-B953-710434B50B11}.Release|Any CPU.Build.0 = Release|Any CPU
	EndGlobalSection
	GlobalSection(SolutionProperties) = preSolution
		HideSolutionNode = FALSE
	EndGlobalSection
	GlobalSection(ExtensibilityGlobals) = postSolution
		SolutionGuid = {3F504ECB-5981-46E3-B4B4-2C4FDE5369DC}
	EndGlobalSection
EndGlobal
